<?xml version="1.0" encoding="utf-8"?>
<Project ToolsVersion="4.0" xmlns="http://schemas.microsoft.com/developer/msbuild/2003">
  <ItemGroup>
    <Filter Include="Source Files">
      <UniqueIdentifier>{4FC737F1-C7A5-4376-A066-2A32D752A2FF}</UniqueIdentifier>
      <Extensions>cpp;c;cc;cxx;def;odl;idl;hpj;bat;asm;asmx</Extensions>
    </Filter>
    <Filter Include="Header Files">
      <UniqueIdentifier>{93995380-89BD-4b04-88EB-625FBE52EBFB}</UniqueIdentifier>
      <Extensions>h;hh;hpp;hxx;hm;inl;inc;xsd</Extensions>
    </Filter>
    <Filter Include="Resource Files">
      <UniqueIdentifier>{67DA6AB6-F800-4c08-8B7A-83BB121AAD01}</UniqueIdentifier>
      <Extensions>rc;ico;cur;bmp;dlg;rc2;rct;bin;rgs;gif;jpg;jpeg;jpe;resx;tiff;tif;png;wav;mfcribbon-ms</Extensions>
    </Filter>
    <Filter Include="Header Files\Dlg&amp;Resource">
      <UniqueIdentifier>{a7e1704d-467e-4682-ba05-1485ed491f5b}</UniqueIdentifier>
    </Filter>
    <Filter Include="Source Files\Dlg&amp;Resource">
      <UniqueIdentifier>{1354554a-1a7b-46a9-ba68-7bcdcb7a4554}</UniqueIdentifier>
    </Filter>
    <Filter Include="Source Files\utils">
      <UniqueIdentifier>{a991898e-47fc-4c7a-b708-3202415804ce}</UniqueIdentifier>
    </Filter>
    <Filter Include="Header Files\utils">
      <UniqueIdentifier>{fb7ad224-c5c1-4adc-a39d-c600faaf52f0}</UniqueIdentifier>
    </Filter>
  </ItemGroup>
  <ItemGroup>
    <Text Include="ReadMe.txt" />
  </ItemGroup>
  <ItemGroup>
    <ClInclude Include="stdafx.h">
      <Filter>Header Files</Filter>
    </ClInclude>
    <ClInclude Include="targetver.h">
      <Filter>Header Files</Filter>
    </ClInclude>
    <ClInclude Include="ClientChatDlg.h">
      <Filter>Header Files\Dlg&amp;Resource</Filter>
    </ClInclude>
    <ClInclude Include="Resource.h">
      <Filter>Header Files\Dlg&amp;Resource</Filter>
    </ClInclude>
    <ClInclude Include="ClientChat.h">
      <Filter>Header Files</Filter>
    </ClInclude>
    <ClInclude Include="RegisterDlg.h">
      <Filter>Header Files\Dlg&amp;Resource</Filter>
    </ClInclude>
    <ClInclude Include="MainDlg.h">
      <Filter>Header Files\Dlg&amp;Resource</Filter>
    </ClInclude>
    <ClInclude Include="StringConverter.h">
      <Filter>Header Files\utils</Filter>
    </ClInclude>
    <ClInclude Include="JsonBuilder.h">
      <Filter>Header Files</Filter>
    </ClInclude>
  </ItemGroup>
  <ItemGroup>
    <ClCompile Include="stdafx.cpp">
      <Filter>Source Files</Filter>
    </ClCompile>
    <ClCompile Include="ClientChatDlg.cpp">
      <Filter>Source Files\Dlg&amp;Resource</Filter>
    </ClCompile>
    <ClCompile Include="ClientChat.cpp">
      <Filter>Source Files</Filter>
    </ClCompile>
    <ClCompile Include="RegisterDlg.cpp">
      <Filter>Source Files\Dlg&amp;Resource</Filter>
    </ClCompile>
    <ClCompile Include="MainDlg.cpp">
      <Filter>Source Files\Dlg&amp;Resource</Filter>
    </ClCompile>
    <ClCompile Include="StringConverter.cpp">
      <Filter>Source Files\utils</Filter>
    </ClCompile>
    <ClCompile Include="JsonBuilder.cpp">
      <Filter>Source Files</Filter>
    </ClCompile>
  </ItemGroup>
  <ItemGroup>
    <ResourceCompile Include="ClientChat.rc">
      <Filter>Resource Files</Filter>
    </ResourceCompile>
  </ItemGroup>
  <ItemGroup>
    <None Include="res\ClientChat.rc2">
      <Filter>Resource Files</Filter>
    </None>
  </ItemGroup>
  <ItemGroup>
    <Image Include="res\ClientChat.ico">
      <Filter>Resource Files</Filter>
    </Image>
    <Image Include="res\icon1.ico">
      <Filter>Resource Files</Filter>
    </Image>
    <Image Include="res\Logout.ico">
      <Filter>Resource Files</Filter>
    </Image>
    <Image Include="res\SendMess.ico">
      <Filter>Resource Files</Filter>
    </Image>
    <Image Include="res\Add.ico">
      <Filter>Resource Files</Filter>
    </Image>
  </ItemGroup>
</Project>